
Microsoft Visual Studio Solution File, Format Version 12.00
# Visual Studio Version 17
VisualStudioVersion = 17.0.31903.59
MinimumVisualStudioVersion = 10.0.40219.1
Project("{2150E333-8FDC-42A3-9474-1A3956D46DE8}") = "src", "src", "{3302704E-B6FB-405E-8E52-E93567451E7D}"
EndProject
Project("{FAE04EC0-301F-11D3-BF4B-00C04F79EFBC}") = "Domain", "src\Domain\Domain.csproj", "{C041049F-2A8E-42CD-BD9D-3D9B4F89AE4D}"
EndProject
Project("{FAE04EC0-301F-11D3-BF4B-00C04F79EFBC}") = "Web", "src\Web\Web.csproj", "{AA894A8D-8848-4D47-8D14-CCF8CD55C739}"
EndProject
Project("{FAE04EC0-301F-11D3-BF4B-00C04F79EFBC}") = "Persistence", "src\Persistence\Persistence.csproj", "{323AAB69-2CFF-422E-AD8A-3E06CE29878A}"
EndProject
Project("{FAE04EC0-301F-11D3-BF4B-00C04F79EFBC}") = "Application", "src\Application\Application.csproj", "{049AB7EC-994F-427D-B149-6BE07489F43D}"
EndProject
Project("{FAE04EC0-301F-11D3-BF4B-00C04F79EFBC}") = "Presentation", "src\Presentation\Presentation.csproj", "{8AD40C8A-FE61-4676-BE21-AE1BED2BDD31}"
EndProject
Global
	GlobalSection(SolutionConfigurationPlatforms) = preSolution
		Debug|Any CPU = Debug|Any CPU
		Release|Any CPU = Release|Any CPU
	EndGlobalSection
	GlobalSection(SolutionProperties) = preSolution
		HideSolutionNode = FALSE
	EndGlobalSection
	GlobalSection(ProjectConfigurationPlatforms) = postSolution
		{C041049F-2A8E-42CD-BD9D-3D9B4F89AE4D}.Debug|Any CPU.ActiveCfg = Debug|Any CPU
		{C041049F-2A8E-42CD-BD9D-3D9B4F89AE4D}.Debug|Any CPU.Build.0 = Debug|Any CPU
		{C041049F-2A8E-42CD-BD9D-3D9B4F89AE4D}.Release|Any CPU.ActiveCfg = Release|Any CPU
		{C041049F-2A8E-42CD-BD9D-3D9B4F89AE4D}.Release|Any CPU.Build.0 = Release|Any CPU
		{AA894A8D-8848-4D47-8D14-CCF8CD55C739}.Debug|Any CPU.ActiveCfg = Debug|Any CPU
		{AA894A8D-8848-4D47-8D14-CCF8CD55C739}.Debug|Any CPU.Build.0 = Debug|Any CPU
		{AA894A8D-8848-4D47-8D14-CCF8CD55C739}.Release|Any CPU.ActiveCfg = Release|Any CPU
		{AA894A8D-8848-4D47-8D14-CCF8CD55C739}.Release|Any CPU.Build.0 = Release|Any CPU
		{323AAB69-2CFF-422E-AD8A-3E06CE29878A}.Debug|Any CPU.ActiveCfg = Debug|Any CPU
		{323AAB69-2CFF-422E-AD8A-3E06CE29878A}.Debug|Any CPU.Build.0 = Debug|Any CPU
		{323AAB69-2CFF-422E-AD8A-3E06CE29878A}.Release|Any CPU.ActiveCfg = Release|Any CPU
		{323AAB69-2CFF-422E-AD8A-3E06CE29878A}.Release|Any CPU.Build.0 = Release|Any CPU
		{049AB7EC-994F-427D-B149-6BE07489F43D}.Debug|Any CPU.ActiveCfg = Debug|Any CPU
		{049AB7EC-994F-427D-B149-6BE07489F43D}.Debug|Any CPU.Build.0 = Debug|Any CPU
		{049AB7EC-994F-427D-B149-6BE07489F43D}.Release|Any CPU.ActiveCfg = Release|Any CPU
		{049AB7EC-994F-427D-B149-6BE07489F43D}.Release|Any CPU.Build.0 = Release|Any CPU
		{8AD40C8A-FE61-4676-BE21-AE1BED2BDD31}.Debug|Any CPU.ActiveCfg = Debug|Any CPU
		{8AD40C8A-FE61-4676-BE21-AE1BED2BDD31}.Debug|Any CPU.Build.0 = Debug|Any CPU
		{8AD40C8A-FE61-4676-BE21-AE1BED2BDD31}.Release|Any CPU.ActiveCfg = Release|Any CPU
		{8AD40C8A-FE61-4676-BE21-AE1BED2BDD31}.Release|Any CPU.Build.0 = Release|Any CPU
	EndGlobalSection
	GlobalSection(NestedProjects) = preSolution
		{C041049F-2A8E-42CD-BD9D-3D9B4F89AE4D} = {3302704E-B6FB-405E-8E52-E93567451E7D}
		{AA894A8D-8848-4D47-8D14-CCF8CD55C739} = {3302704E-B6FB-405E-8E52-E93567451E7D}
		{323AAB69-2CFF-422E-AD8A-3E06CE29878A} = {3302704E-B6FB-405E-8E52-E93567451E7D}
		{049AB7EC-994F-427D-B149-6BE07489F43D} = {3302704E-B6FB-405E-8E52-E93567451E7D}
		{8AD40C8A-FE61-4676-BE21-AE1BED2BDD31} = {3302704E-B6FB-405E-8E52-E93567451E7D}
	EndGlobalSection
EndGlobal
